
Microsoft Visual Studio Solution File, Format Version 12.00
# Visual Studio Version 16
VisualStudioVersion = 16.0.30104.148
MinimumVisualStudioVersion = 10.0.40219.1
Project("{8BC9CEB8-8B4A-11D0-8D11-00A0C91BC942}") = "02第二章", "02第二章\02第二章.vcxproj", "{50F5E85E-D408-443E-8DEA-9B9A688EAA1B}"
EndProject
Project("{8BC9CEB8-8B4A-11D0-8D11-00A0C91BC942}") = "03第三章", "03第三章\03第三章.vcxproj", "{E063B18B-F4C2-406C-BA91-DEF5FB474065}"
EndProject
Project("{8BC9CEB8-8B4A-11D0-8D11-00A0C91BC942}") = "04第四章", "04第四章\04第四章.vcxproj", "{5F5C0220-81C1-4E0E-ACD8-C4960DE0131B}"
EndProject
Project("{8BC9CEB8-8B4A-11D0-8D11-00A0C91BC942}") = "17第十七章", "17第十七章\17第十七章.vcxproj", "{384D7906-1D94-4106-8E64-7FD496318B2F}"
EndProject
Project("{8BC9CEB8-8B4A-11D0-8D11-00A0C91BC942}") = "05第五章", "05第五章\05第五章.vcxproj", "{80D25ED9-F161-4AAC-B0F3-B139683CE155}"
EndProject
Project("{8BC9CEB8-8B4A-11D0-8D11-00A0C91BC942}") = "06第六章", "06第六章\06第六章.vcxproj", "{2D272506-AD45-486B-A371-CD25AEC41E60}"
EndProject
Project("{8BC9CEB8-8B4A-11D0-8D11-00A0C91BC942}") = "07第七章", "07第七章\07第七章.vcxproj", "{B0520332-357E-4CE0-90E8-94D7B518C51A}"
EndProject
Project("{8BC9CEB8-8B4A-11D0-8D11-00A0C91BC942}") = "08第八章", "08第八章\08第八章.vcxproj", "{C6A331F2-516C-4A5E-B547-E74895749FFE}"
EndProject
Project("{8BC9CEB8-8B4A-11D0-8D11-00A0C91BC942}") = "09第九章", "09第九章\09第九章.vcxproj", "{2392EB6C-29B7-4921-B491-E3608E4C40AB}"
EndProject
Project("{8BC9CEB8-8B4A-11D0-8D11-00A0C91BC942}") = "10第十章", "10第十章\10第十章.vcxproj", "{C9D8D231-308A-4F76-A466-E925A3B665AB}"
EndProject
Project("{8BC9CEB8-8B4A-11D0-8D11-00A0C91BC942}") = "11第十一章", "11第十一章\11第十一章.vcxproj", "{8974B261-DBCC-4C20-BDA5-C4538086AB25}"
EndProject
Project("{8BC9CEB8-8B4A-11D0-8D11-00A0C91BC942}") = "12第十二章", "12第十二章\12第十二章.vcxproj", "{17F0306F-3C28-479E-9811-B6F280912027}"
EndProject
Project("{8BC9CEB8-8B4A-11D0-8D11-00A0C91BC942}") = "13第十三章", "13第十三章\13第十三章.vcxproj", "{4F6756A3-81CC-4A99-8FB3-49EB911F7CDD}"
EndProject
Project("{8BC9CEB8-8B4A-11D0-8D11-00A0C91BC942}") = "14第十四章", "14第十四章\14第十四章.vcxproj", "{583ACBA6-A08B-48BE-A819-26F19F3BB8D3}"
EndProject
Project("{8BC9CEB8-8B4A-11D0-8D11-00A0C91BC942}") = "16第十六章", "16第十六章\16第十六章.vcxproj", "{D13FB359-DCE4-4130-BA43-B2E2B4FEBDD7}"
EndProject
Project("{8BC9CEB8-8B4A-11D0-8D11-00A0C91BC942}") = "习题解答", "习题解答\习题解答.vcxproj", "{F06369C5-8607-4F7A-80FB-35C62304FC35}"
EndProject
Project("{8BC9CEB8-8B4A-11D0-8D11-00A0C91BC942}") = "单链表", "单链表\单链表.vcxproj", "{5C1A4D80-7168-4C54-B6BF-D307B6419318}"
EndProject
Project("{8BC9CEB8-8B4A-11D0-8D11-00A0C91BC942}") = "顺序表", "顺序表\顺序表.vcxproj", "{67F72902-BEFE-482C-8D50-85862C9D0114}"
EndProject
Global
	GlobalSection(SolutionConfigurationPlatforms) = preSolution
		Debug|x64 = Debug|x64
		Debug|x86 = Debug|x86
		Release|x64 = Release|x64
		Release|x86 = Release|x86
	EndGlobalSection
	GlobalSection(ProjectConfigurationPlatforms) = postSolution
		{50F5E85E-D408-443E-8DEA-9B9A688EAA1B}.Debug|x64.ActiveCfg = Debug|x64
		{50F5E85E-D408-443E-8DEA-9B9A688EAA1B}.Debug|x64.Build.0 = Debug|x64
		{50F5E85E-D408-443E-8DEA-9B9A688EAA1B}.Debug|x86.ActiveCfg = Debug|Win32
		{50F5E85E-D408-443E-8DEA-9B9A688EAA1B}.Debug|x86.Build.0 = Debug|Win32
		{50F5E85E-D408-443E-8DEA-9B9A688EAA1B}.Release|x64.ActiveCfg = Release|x64
		{50F5E85E-D408-443E-8DEA-9B9A688EAA1B}.Release|x64.Build.0 = Release|x64
		{50F5E85E-D408-443E-8DEA-9B9A688EAA1B}.Release|x86.ActiveCfg = Release|Win32
		{50F5E85E-D408-443E-8DEA-9B9A688EAA1B}.Release|x86.Build.0 = Release|Win32
		{E063B18B-F4C2-406C-BA91-DEF5FB474065}.Debug|x64.ActiveCfg = Debug|x64
		{E063B18B-F4C2-406C-BA91-DEF5FB474065}.Debug|x64.Build.0 = Debug|x64
		{E063B18B-F4C2-406C-BA91-DEF5FB474065}.Debug|x86.ActiveCfg = Debug|Win32
		{E063B18B-F4C2-406C-BA91-DEF5FB474065}.Debug|x86.Build.0 = Debug|Win32
		{E063B18B-F4C2-406C-BA91-DEF5FB474065}.Release|x64.ActiveCfg = Release|x64
		{E063B18B-F4C2-406C-BA91-DEF5FB474065}.Release|x64.Build.0 = Release|x64
		{E063B18B-F4C2-406C-BA91-DEF5FB474065}.Release|x86.ActiveCfg = Release|Win32
		{E063B18B-F4C2-406C-BA91-DEF5FB474065}.Release|x86.Build.0 = Release|Win32
		{5F5C0220-81C1-4E0E-ACD8-C4960DE0131B}.Debug|x64.ActiveCfg = Debug|x64
		{5F5C0220-81C1-4E0E-ACD8-C4960DE0131B}.Debug|x64.Build.0 = Debug|x64
		{5F5C0220-81C1-4E0E-ACD8-C4960DE0131B}.Debug|x86.ActiveCfg = Debug|Win32
		{5F5C0220-81C1-4E0E-ACD8-C4960DE0131B}.Debug|x86.Build.0 = Debug|Win32
		{5F5C0220-81C1-4E0E-ACD8-C4960DE0131B}.Release|x64.ActiveCfg = Release|x64
		{5F5C0220-81C1-4E0E-ACD8-C4960DE0131B}.Release|x64.Build.0 = Release|x64
		{5F5C0220-81C1-4E0E-ACD8-C4960DE0131B}.Release|x86.ActiveCfg = Release|Win32
		{5F5C0220-81C1-4E0E-ACD8-C4960DE0131B}.Release|x86.Build.0 = Release|Win32
		{384D7906-1D94-4106-8E64-7FD496318B2F}.Debug|x64.ActiveCfg = Debug|x64
		{384D7906-1D94-4106-8E64-7FD496318B2F}.Debug|x64.Build.0 = Debug|x64
		{384D7906-1D94-4106-8E64-7FD496318B2F}.Debug|x86.ActiveCfg = Debug|Win32
		{384D7906-1D94-4106-8E64-7FD496318B2F}.Debug|x86.Build.0 = Debug|Win32
		{384D7906-1D94-4106-8E64-7FD496318B2F}.Release|x64.ActiveCfg = Release|x64
		{384D7906-1D94-4106-8E64-7FD496318B2F}.Release|x64.Build.0 = Release|x64
		{384D7906-1D94-4106-8E64-7FD496318B2F}.Release|x86.ActiveCfg = Release|Win32
		{384D7906-1D94-4106-8E64-7FD496318B2F}.Release|x86.Build.0 = Release|Win32
		{80D25ED9-F161-4AAC-B0F3-B139683CE155}.Debug|x64.ActiveCfg = Debug|x64
		{80D25ED9-F161-4AAC-B0F3-B139683CE155}.Debug|x64.Build.0 = Debug|x64
		{80D25ED9-F161-4AAC-B0F3-B139683CE155}.Debug|x86.ActiveCfg = Debug|Win32
		{80D25ED9-F161-4AAC-B0F3-B139683CE155}.Debug|x86.Build.0 = Debug|Win32
		{80D25ED9-F161-4AAC-B0F3-B139683CE155}.Release|x64.ActiveCfg = Release|x64
		{80D25ED9-F161-4AAC-B0F3-B139683CE155}.Release|x64.Build.0 = Release|x64
		{80D25ED9-F161-4AAC-B0F3-B139683CE155}.Release|x86.ActiveCfg = Release|Win32
		{80D25ED9-F161-4AAC-B0F3-B139683CE155}.Release|x86.Build.0 = Release|Win32
		{2D272506-AD45-486B-A371-CD25AEC41E60}.Debug|x64.ActiveCfg = Debug|x64
		{2D272506-AD45-486B-A371-CD25AEC41E60}.Debug|x64.Build.0 = Debug|x64
		{2D272506-AD45-486B-A371-CD25AEC41E60}.Debug|x86.ActiveCfg = Debug|Win32
		{2D272506-AD45-486B-A371-CD25AEC41E60}.Debug|x86.Build.0 = Debug|Win32
		{2D272506-AD45-486B-A371-CD25AEC41E60}.Release|x64.ActiveCfg = Release|x64
		{2D272506-AD45-486B-A371-CD25AEC41E60}.Release|x64.Build.0 = Release|x64
		{2D272506-AD45-486B-A371-CD25AEC41E60}.Release|x86.ActiveCfg = Release|Win32
		{2D272506-AD45-486B-A371-CD25AEC41E60}.Release|x86.Build.0 = Release|Win32
		{B0520332-357E-4CE0-90E8-94D7B518C51A}.Debug|x64.ActiveCfg = Debug|x64
		{B0520332-357E-4CE0-90E8-94D7B518C51A}.Debug|x64.Build.0 = Debug|x64
		{B0520332-357E-4CE0-90E8-94D7B518C51A}.Debug|x86.ActiveCfg = Debug|Win32
		{B0520332-357E-4CE0-90E8-94D7B518C51A}.Debug|x86.Build.0 = Debug|Win32
		{B0520332-357E-4CE0-90E8-94D7B518C51A}.Release|x64.ActiveCfg = Release|x64
		{B0520332-357E-4CE0-90E8-94D7B518C51A}.Release|x64.Build.0 = Release|x64
		{B0520332-357E-4CE0-90E8-94D7B518C51A}.Release|x86.ActiveCfg = Release|Win32
		{B0520332-357E-4CE0-90E8-94D7B518C51A}.Release|x86.Build.0 = Release|Win32
		{C6A331F2-516C-4A5E-B547-E74895749FFE}.Debug|x64.ActiveCfg = Debug|x64
		{C6A331F2-516C-4A5E-B547-E74895749FFE}.Debug|x64.Build.0 = Debug|x64
		{C6A331F2-516C-4A5E-B547-E74895749FFE}.Debug|x86.ActiveCfg = Debug|Win32
		{C6A331F2-516C-4A5E-B547-E74895749FFE}.Debug|x86.Build.0 = Debug|Win32
		{C6A331F2-516C-4A5E-B547-E74895749FFE}.Release|x64.ActiveCfg = Release|x64
		{C6A331F2-516C-4A5E-B547-E74895749FFE}.Release|x64.Build.0 = Release|x64
		{C6A331F2-516C-4A5E-B547-E74895749FFE}.Release|x86.ActiveCfg = Release|Win32
		{C6A331F2-516C-4A5E-B547-E74895749FFE}.Release|x86.Build.0 = Release|Win32
		{2392EB6C-29B7-4921-B491-E3608E4C40AB}.Debug|x64.ActiveCfg = Debug|x64
		{2392EB6C-29B7-4921-B491-E3608E4C40AB}.Debug|x64.Build.0 = Debug|x64
		{2392EB6C-29B7-4921-B491-E3608E4C40AB}.Debug|x86.ActiveCfg = Debug|Win32
		{2392EB6C-29B7-4921-B491-E3608E4C40AB}.Debug|x86.Build.0 = Debug|Win32
		{2392EB6C-29B7-4921-B491-E3608E4C40AB}.Release|x64.ActiveCfg = Release|x64
		{2392EB6C-29B7-4921-B491-E3608E4C40AB}.Release|x64.Build.0 = Release|x64
		{2392EB6C-29B7-4921-B491-E3608E4C40AB}.Release|x86.ActiveCfg = Release|Win32
		{2392EB6C-29B7-4921-B491-E3608E4C40AB}.Release|x86.Build.0 = Release|Win32
		{C9D8D231-308A-4F76-A466-E925A3B665AB}.Debug|x64.ActiveCfg = Debug|x64
		{C9D8D231-308A-4F76-A466-E925A3B665AB}.Debug|x64.Build.0 = Debug|x64
		{C9D8D231-308A-4F76-A466-E925A3B665AB}.Debug|x86.ActiveCfg = Debug|Win32
		{C9D8D231-308A-4F76-A466-E925A3B665AB}.Debug|x86.Build.0 = Debug|Win32
		{C9D8D231-308A-4F76-A466-E925A3B665AB}.Release|x64.ActiveCfg = Release|x64
		{C9D8D231-308A-4F76-A466-E925A3B665AB}.Release|x64.Build.0 = Release|x64
		{C9D8D231-308A-4F76-A466-E925A3B665AB}.Release|x86.ActiveCfg = Release|Win32
		{C9D8D231-308A-4F76-A466-E925A3B665AB}.Release|x86.Build.0 = Release|Win32
		{8974B261-DBCC-4C20-BDA5-C4538086AB25}.Debug|x64.ActiveCfg = Debug|x64
		{8974B261-DBCC-4C20-BDA5-C4538086AB25}.Debug|x64.Build.0 = Debug|x64
		{8974B261-DBCC-4C20-BDA5-C4538086AB25}.Debug|x86.ActiveCfg = Debug|Win32
		{8974B261-DBCC-4C20-BDA5-C4538086AB25}.Debug|x86.Build.0 = Debug|Win32
		{8974B261-DBCC-4C20-BDA5-C4538086AB25}.Release|x64.ActiveCfg = Release|x64
		{8974B261-DBCC-4C20-BDA5-C4538086AB25}.Release|x64.Build.0 = Release|x64
		{8974B261-DBCC-4C20-BDA5-C4538086AB25}.Release|x86.ActiveCfg = Release|Win32
		{8974B261-DBCC-4C20-BDA5-C4538086AB25}.Release|x86.Build.0 = Release|Win32
		{17F0306F-3C28-479E-9811-B6F280912027}.Debug|x64.ActiveCfg = Debug|x64
		{17F0306F-3C28-479E-9811-B6F280912027}.Debug|x64.Build.0 = Debug|x64
		{17F0306F-3C28-479E-9811-B6F280912027}.Debug|x86.ActiveCfg = Debug|Win32
		{17F0306F-3C28-479E-9811-B6F280912027}.Debug|x86.Build.0 = Debug|Win32
		{17F0306F-3C28-479E-9811-B6F280912027}.Release|x64.ActiveCfg = Release|x64
		{17F0306F-3C28-479E-9811-B6F280912027}.Release|x64.Build.0 = Release|x64
		{17F0306F-3C28-479E-9811-B6F280912027}.Release|x86.ActiveCfg = Release|Win32
		{17F0306F-3C28-479E-9811-B6F280912027}.Release|x86.Build.0 = Release|Win32
		{4F6756A3-81CC-4A99-8FB3-49EB911F7CDD}.Debug|x64.ActiveCfg = Debug|x64
		{4F6756A3-81CC-4A99-8FB3-49EB911F7CDD}.Debug|x64.Build.0 = Debug|x64
		{4F6756A3-81CC-4A99-8FB3-49EB911F7CDD}.Debug|x86.ActiveCfg = Debug|Win32
		{4F6756A3-81CC-4A99-8FB3-49EB911F7CDD}.Debug|x86.Build.0 = Debug|Win32
		{4F6756A3-81CC-4A99-8FB3-49EB911F7CDD}.Release|x64.ActiveCfg = Release|x64
		{4F6756A3-81CC-4A99-8FB3-49EB911F7CDD}.Release|x64.Build.0 = Release|x64
		{4F6756A3-81CC-4A99-8FB3-49EB911F7CDD}.Release|x86.ActiveCfg = Release|Win32
		{4F6756A3-81CC-4A99-8FB3-49EB911F7CDD}.Release|x86.Build.0 = Release|Win32
		{583ACBA6-A08B-48BE-A819-26F19F3BB8D3}.Debug|x64.ActiveCfg = Debug|x64
		{583ACBA6-A08B-48BE-A819-26F19F3BB8D3}.Debug|x64.Build.0 = Debug|x64
		{583ACBA6-A08B-48BE-A819-26F19F3BB8D3}.Debug|x86.ActiveCfg = Debug|Win32
		{583ACBA6-A08B-48BE-A819-26F19F3BB8D3}.Debug|x86.Build.0 = Debug|Win32
		{583ACBA6-A08B-48BE-A819-26F19F3BB8D3}.Release|x64.ActiveCfg = Release|x64
		{583ACBA6-A08B-48BE-A819-26F19F3BB8D3}.Release|x64.Build.0 = Release|x64
		{583ACBA6-A08B-48BE-A819-26F19F3BB8D3}.Release|x86.ActiveCfg = Release|Win32
		{583ACBA6-A08B-48BE-A819-26F19F3BB8D3}.Release|x86.Build.0 = Release|Win32
		{D13FB359-DCE4-4130-BA43-B2E2B4FEBDD7}.Debug|x64.ActiveCfg = Debug|x64
		{D13FB359-DCE4-4130-BA43-B2E2B4FEBDD7}.Debug|x64.Build.0 = Debug|x64
		{D13FB359-DCE4-4130-BA43-B2E2B4FEBDD7}.Debug|x86.ActiveCfg = Debug|Win32
		{D13FB359-DCE4-4130-BA43-B2E2B4FEBDD7}.Debug|x86.Build.0 = Debug|Win32
		{D13FB359-DCE4-4130-BA43-B2E2B4FEBDD7}.Release|x64.ActiveCfg = Release|x64
		{D13FB359-DCE4-4130-BA43-B2E2B4FEBDD7}.Release|x64.Build.0 = Release|x64
		{D13FB359-DCE4-4130-BA43-B2E2B4FEBDD7}.Release|x86.ActiveCfg = Release|Win32
		{D13FB359-DCE4-4130-BA43-B2E2B4FEBDD7}.Release|x86.Build.0 = Release|Win32
		{F06369C5-8607-4F7A-80FB-35C62304FC35}.Debug|x64.ActiveCfg = Debug|x64
		{F06369C5-8607-4F7A-80FB-35C62304FC35}.Debug|x64.Build.0 = Debug|x64
		{F06369C5-8607-4F7A-80FB-35C62304FC35}.Debug|x86.ActiveCfg = Debug|Win32
		{F06369C5-8607-4F7A-80FB-35C62304FC35}.Debug|x86.Build.0 = Debug|Win32
		{F06369C5-8607-4F7A-80FB-35C62304FC35}.Release|x64.ActiveCfg = Release|x64
		{F06369C5-8607-4F7A-80FB-35C62304FC35}.Release|x64.Build.0 = Release|x64
		{F06369C5-8607-4F7A-80FB-35C62304FC35}.Release|x86.ActiveCfg = Release|Win32
		{F06369C5-8607-4F7A-80FB-35C62304FC35}.Release|x86.Build.0 = Release|Win32
		{5C1A4D80-7168-4C54-B6BF-D307B6419318}.Debug|x64.ActiveCfg = Debug|x64
		{5C1A4D80-7168-4C54-B6BF-D307B6419318}.Debug|x64.Build.0 = Debug|x64
		{5C1A4D80-7168-4C54-B6BF-D307B6419318}.Debug|x86.ActiveCfg = Debug|Win32
		{5C1A4D80-7168-4C54-B6BF-D307B6419318}.Debug|x86.Build.0 = Debug|Win32
		{5C1A4D80-7168-4C54-B6BF-D307B6419318}.Release|x64.ActiveCfg = Release|x64
		{5C1A4D80-7168-4C54-B6BF-D307B6419318}.Release|x64.Build.0 = Release|x64
		{5C1A4D80-7168-4C54-B6BF-D307B6419318}.Release|x86.ActiveCfg = Release|Win32
		{5C1A4D80-7168-4C54-B6BF-D307B6419318}.Release|x86.Build.0 = Release|Win32
		{67F72902-BEFE-482C-8D50-85862C9D0114}.Debug|x64.ActiveCfg = Debug|x64
		{67F72902-BEFE-482C-8D50-85862C9D0114}.Debug|x64.Build.0 = Debug|x64
		{67F72902-BEFE-482C-8D50-85862C9D0114}.Debug|x86.ActiveCfg = Debug|Win32
		{67F72902-BEFE-482C-8D50-85862C9D0114}.Debug|x86.Build.0 = Debug|Win32
		{67F72902-BEFE-482C-8D50-85862C9D0114}.Release|x64.ActiveCfg = Release|x64
		{67F72902-BEFE-482C-8D50-85862C9D0114}.Release|x64.Build.0 = Release|x64
		{67F72902-BEFE-482C-8D50-85862C9D0114}.Release|x86.ActiveCfg = Release|Win32
		{67F72902-BEFE-482C-8D50-85862C9D0114}.Release|x86.Build.0 = Release|Win32
	EndGlobalSection
	GlobalSection(SolutionProperties) = preSolution
		HideSolutionNode = FALSE
	EndGlobalSection
	GlobalSection(ExtensibilityGlobals) = postSolution
		SolutionGuid = {64D71890-5C6B-49E8-8AC7-C9B3A8226B7A}
	EndGlobalSection
EndGlobal
